
Microsoft Visual Studio Solution File, Format Version 12.00
# Visual Studio 15
VisualStudioVersion = 15.0.27428.2027
MinimumVisualStudioVersion = 10.0.40219.1
Project("{8BC9CEB8-8B4A-11D0-8D11-00A0C91BC942}") = "load-display-save", "load-display-save\load-display-save.vcxproj", "{977AD88E-3FED-404C-90C4-A50D4C08ACFA}"
EndProject
Project("{8BC9CEB8-8B4A-11D0-8D11-00A0C91BC942}") = "manipulate-pixels", "manipulate-pixels\manipulate-pixels.vcxproj", "{EE6C72C8-BA25-4905-A4D6-C80E73878858}"
EndProject
Project("{8BC9CEB8-8B4A-11D0-8D11-00A0C91BC942}") = "draw", "draw\draw.vcxproj", "{E789E18F-725C-4982-8BD9-8003A3CDBE77}"
EndProject
Project("{8BC9CEB8-8B4A-11D0-8D11-00A0C91BC942}") = "improcess-translate", "improcess-translate\improcess-translate.vcxproj", "{BC954CFB-BD64-4AAA-9C44-9A8F713B3288}"
EndProject
Project("{8BC9CEB8-8B4A-11D0-8D11-00A0C91BC942}") = "improcess-rotate", "improcess-rotate\improcess-rotate.vcxproj", "{51FCCE3A-079A-479F-ADCA-E4A026B67FC8}"
EndProject
Project("{8BC9CEB8-8B4A-11D0-8D11-00A0C91BC942}") = "improcess-resize", "improcess-resize\improcess-resize.vcxproj", "{B34DA466-DE32-48DB-B8E1-613344A52139}"
EndProject
Project("{8BC9CEB8-8B4A-11D0-8D11-00A0C91BC942}") = "improcess-flip", "improcess-flip\improcess-flip.vcxproj", "{774A05DD-206C-41AB-AF6E-77AD9F470CC5}"
EndProject
Project("{8BC9CEB8-8B4A-11D0-8D11-00A0C91BC942}") = "improcess-crop", "improcess-crop\improcess-crop.vcxproj", "{7A083337-6A51-4C58-9071-FAF20F005451}"
EndProject
Project("{8BC9CEB8-8B4A-11D0-8D11-00A0C91BC942}") = "improcess-arithmetic", "improcess-arithmetic\improcess-arithmetic.vcxproj", "{A450D4B3-D37F-4653-AFA0-C867D5929939}"
EndProject
Project("{8BC9CEB8-8B4A-11D0-8D11-00A0C91BC942}") = "improcess-bitwise", "improcess-bitwise\improcess-bitwise.vcxproj", "{CDC649C1-2B72-46DC-8930-AF09BED2E4A4}"
EndProject
Project("{8BC9CEB8-8B4A-11D0-8D11-00A0C91BC942}") = "improcess-mask", "improcess-mask\improcess-mask.vcxproj", "{E2CCB6F2-86A8-4C8D-ACCD-08890D9CAB77}"
EndProject
Project("{8BC9CEB8-8B4A-11D0-8D11-00A0C91BC942}") = "improcess-split-merge", "improcess-split-merge\improcess-split-merge.vcxproj", "{820B2256-7360-494D-B8A1-FD4C03B376FD}"
EndProject
Project("{8BC9CEB8-8B4A-11D0-8D11-00A0C91BC942}") = "morphology", "morphology\morphology.vcxproj", "{3DEF6AD2-D0AC-47BE-BEDA-91FCC2E41BDD}"
EndProject
Project("{8BC9CEB8-8B4A-11D0-8D11-00A0C91BC942}") = "morphology-opening", "morphology-opening\morphology-opening.vcxproj", "{E1FBFC07-44FA-4542-8BF2-20B15DA5ACAA}"
EndProject
Project("{8BC9CEB8-8B4A-11D0-8D11-00A0C91BC942}") = "morphology-hats", "morphology-hats\morphology-hats.vcxproj", "{093B6253-93D2-42EA-AA82-9A1A03199618}"
EndProject
Project("{8BC9CEB8-8B4A-11D0-8D11-00A0C91BC942}") = "smooth-blur", "smooth-blur\smooth-blur.vcxproj", "{44DD0434-030E-4C70-9A31-FDB5B5B09780}"
EndProject
Project("{8BC9CEB8-8B4A-11D0-8D11-00A0C91BC942}") = "color-space", "color-space\color-space.vcxproj", "{2A2DBC5C-101E-4F4A-BCBE-0B5B259590A3}"
EndProject
Project("{8BC9CEB8-8B4A-11D0-8D11-00A0C91BC942}") = "threshold-simple", "threshold-simple\threshold-simple.vcxproj", "{2223C244-A145-476D-8047-CE8C40FC7EDC}"
EndProject
Project("{8BC9CEB8-8B4A-11D0-8D11-00A0C91BC942}") = "threshold-otsu", "threshold-otsu\threshold-otsu.vcxproj", "{1084029F-7943-4423-B3F7-6A0AB878E7B1}"
EndProject
Project("{8BC9CEB8-8B4A-11D0-8D11-00A0C91BC942}") = "threshold-adaptive", "threshold-adaptive\threshold-adaptive.vcxproj", "{E6557EC6-5384-455C-A757-F95E0A9CE9C5}"
EndProject
Project("{8BC9CEB8-8B4A-11D0-8D11-00A0C91BC942}") = "gradients-sobel", "gradients-sobel\gradients-sobel.vcxproj", "{B9D7BA37-4E33-4F34-B5EC-CFE390EFEC2A}"
EndProject
Project("{8BC9CEB8-8B4A-11D0-8D11-00A0C91BC942}") = "gradients-orientation", "gradients-orientation\gradients-orientation.vcxproj", "{CD63C5FF-B6FE-45C2-9DF7-B9A5F7125DFF}"
EndProject
Project("{8BC9CEB8-8B4A-11D0-8D11-00A0C91BC942}") = "canny", "canny\canny.vcxproj", "{56B78BBB-9B12-41CB-8554-AC65FE3DA7D8}"
EndProject
Project("{8BC9CEB8-8B4A-11D0-8D11-00A0C91BC942}") = "canny-auto", "canny-auto\canny-auto.vcxproj", "{0A340B53-C0C9-40F3-BFB5-1FCAC2B5B6CC}"
EndProject
Project("{8BC9CEB8-8B4A-11D0-8D11-00A0C91BC942}") = "contours-find-draw", "contours-find-draw\contours-find-draw.vcxproj", "{2F6008A5-18A7-4BB8-A8BA-3141A2CF8E90}"
EndProject
Project("{8BC9CEB8-8B4A-11D0-8D11-00A0C91BC942}") = "contours-properties", "contours-properties\contours-properties.vcxproj", "{966E9026-01F4-4B23-8FAC-587E8FF88B41}"
EndProject
Project("{8BC9CEB8-8B4A-11D0-8D11-00A0C91BC942}") = "contours-tictactoe", "contours-tictactoe\contours-tictactoe.vcxproj", "{44DE989C-90E6-49C8-8C00-7E68DA0C05C8}"
EndProject
Project("{8BC9CEB8-8B4A-11D0-8D11-00A0C91BC942}") = "contours-tetris", "contours-tetris\contours-tetris.vcxproj", "{C3B455F8-1F14-4BB4-903C-8D4DB6B53E3F}"
EndProject
Project("{8BC9CEB8-8B4A-11D0-8D11-00A0C91BC942}") = "contours-approx", "contours-approx\contours-approx.vcxproj", "{88BA580F-68BF-4F08-9AE0-D1C30E107E75}"
EndProject
Project("{8BC9CEB8-8B4A-11D0-8D11-00A0C91BC942}") = "contours-approx-scanner", "contours-approx-scanner\contours-approx-scanner.vcxproj", "{6591F0C3-C349-4411-AA8F-E0F8D8191532}"
EndProject
Project("{8BC9CEB8-8B4A-11D0-8D11-00A0C91BC942}") = "contours-sort", "contours-sort\contours-sort.vcxproj", "{E2CC2FED-0D28-46F2-9AF9-FEDDB7AD78A4}"
EndProject
Project("{8BC9CEB8-8B4A-11D0-8D11-00A0C91BC942}") = "histogram-grayscale", "histogram-grayscale\histogram-grayscale.vcxproj", "{27A3D270-DAB6-4520-80A2-6CEC2DE88AFB}"
EndProject
Project("{8BC9CEB8-8B4A-11D0-8D11-00A0C91BC942}") = "histogram-color", "histogram-color\histogram-color.vcxproj", "{60496717-1ACD-45C8-8029-737FB7BE04C6}"
EndProject
Global
	GlobalSection(SolutionConfigurationPlatforms) = preSolution
		Debug|x64 = Debug|x64
		Debug|x86 = Debug|x86
		Release|x64 = Release|x64
		Release|x86 = Release|x86
	EndGlobalSection
	GlobalSection(ProjectConfigurationPlatforms) = postSolution
		{977AD88E-3FED-404C-90C4-A50D4C08ACFA}.Debug|x64.ActiveCfg = Debug|x64
		{977AD88E-3FED-404C-90C4-A50D4C08ACFA}.Debug|x64.Build.0 = Debug|x64
		{977AD88E-3FED-404C-90C4-A50D4C08ACFA}.Debug|x86.ActiveCfg = Debug|Win32
		{977AD88E-3FED-404C-90C4-A50D4C08ACFA}.Debug|x86.Build.0 = Debug|Win32
		{977AD88E-3FED-404C-90C4-A50D4C08ACFA}.Release|x64.ActiveCfg = Release|x64
		{977AD88E-3FED-404C-90C4-A50D4C08ACFA}.Release|x64.Build.0 = Release|x64
		{977AD88E-3FED-404C-90C4-A50D4C08ACFA}.Release|x86.ActiveCfg = Release|Win32
		{977AD88E-3FED-404C-90C4-A50D4C08ACFA}.Release|x86.Build.0 = Release|Win32
		{EE6C72C8-BA25-4905-A4D6-C80E73878858}.Debug|x64.ActiveCfg = Debug|x64
		{EE6C72C8-BA25-4905-A4D6-C80E73878858}.Debug|x64.Build.0 = Debug|x64
		{EE6C72C8-BA25-4905-A4D6-C80E73878858}.Debug|x86.ActiveCfg = Debug|Win32
		{EE6C72C8-BA25-4905-A4D6-C80E73878858}.Debug|x86.Build.0 = Debug|Win32
		{EE6C72C8-BA25-4905-A4D6-C80E73878858}.Release|x64.ActiveCfg = Release|x64
		{EE6C72C8-BA25-4905-A4D6-C80E73878858}.Release|x64.Build.0 = Release|x64
		{EE6C72C8-BA25-4905-A4D6-C80E73878858}.Release|x86.ActiveCfg = Release|Win32
		{EE6C72C8-BA25-4905-A4D6-C80E73878858}.Release|x86.Build.0 = Release|Win32
		{E789E18F-725C-4982-8BD9-8003A3CDBE77}.Debug|x64.ActiveCfg = Debug|x64
		{E789E18F-725C-4982-8BD9-8003A3CDBE77}.Debug|x64.Build.0 = Debug|x64
		{E789E18F-725C-4982-8BD9-8003A3CDBE77}.Debug|x86.ActiveCfg = Debug|Win32
		{E789E18F-725C-4982-8BD9-8003A3CDBE77}.Debug|x86.Build.0 = Debug|Win32
		{E789E18F-725C-4982-8BD9-8003A3CDBE77}.Release|x64.ActiveCfg = Release|x64
		{E789E18F-725C-4982-8BD9-8003A3CDBE77}.Release|x64.Build.0 = Release|x64
		{E789E18F-725C-4982-8BD9-8003A3CDBE77}.Release|x86.ActiveCfg = Release|Win32
		{E789E18F-725C-4982-8BD9-8003A3CDBE77}.Release|x86.Build.0 = Release|Win32
		{BC954CFB-BD64-4AAA-9C44-9A8F713B3288}.Debug|x64.ActiveCfg = Debug|x64
		{BC954CFB-BD64-4AAA-9C44-9A8F713B3288}.Debug|x64.Build.0 = Debug|x64
		{BC954CFB-BD64-4AAA-9C44-9A8F713B3288}.Debug|x86.ActiveCfg = Debug|Win32
		{BC954CFB-BD64-4AAA-9C44-9A8F713B3288}.Debug|x86.Build.0 = Debug|Win32
		{BC954CFB-BD64-4AAA-9C44-9A8F713B3288}.Release|x64.ActiveCfg = Release|x64
		{BC954CFB-BD64-4AAA-9C44-9A8F713B3288}.Release|x64.Build.0 = Release|x64
		{BC954CFB-BD64-4AAA-9C44-9A8F713B3288}.Release|x86.ActiveCfg = Release|Win32
		{BC954CFB-BD64-4AAA-9C44-9A8F713B3288}.Release|x86.Build.0 = Release|Win32
		{51FCCE3A-079A-479F-ADCA-E4A026B67FC8}.Debug|x64.ActiveCfg = Debug|x64
		{51FCCE3A-079A-479F-ADCA-E4A026B67FC8}.Debug|x64.Build.0 = Debug|x64
		{51FCCE3A-079A-479F-ADCA-E4A026B67FC8}.Debug|x86.ActiveCfg = Debug|Win32
		{51FCCE3A-079A-479F-ADCA-E4A026B67FC8}.Debug|x86.Build.0 = Debug|Win32
		{51FCCE3A-079A-479F-ADCA-E4A026B67FC8}.Release|x64.ActiveCfg = Release|x64
		{51FCCE3A-079A-479F-ADCA-E4A026B67FC8}.Release|x64.Build.0 = Release|x64
		{51FCCE3A-079A-479F-ADCA-E4A026B67FC8}.Release|x86.ActiveCfg = Release|Win32
		{51FCCE3A-079A-479F-ADCA-E4A026B67FC8}.Release|x86.Build.0 = Release|Win32
		{B34DA466-DE32-48DB-B8E1-613344A52139}.Debug|x64.ActiveCfg = Debug|x64
		{B34DA466-DE32-48DB-B8E1-613344A52139}.Debug|x64.Build.0 = Debug|x64
		{B34DA466-DE32-48DB-B8E1-613344A52139}.Debug|x86.ActiveCfg = Debug|Win32
		{B34DA466-DE32-48DB-B8E1-613344A52139}.Debug|x86.Build.0 = Debug|Win32
		{B34DA466-DE32-48DB-B8E1-613344A52139}.Release|x64.ActiveCfg = Release|x64
		{B34DA466-DE32-48DB-B8E1-613344A52139}.Release|x64.Build.0 = Release|x64
		{B34DA466-DE32-48DB-B8E1-613344A52139}.Release|x86.ActiveCfg = Release|Win32
		{B34DA466-DE32-48DB-B8E1-613344A52139}.Release|x86.Build.0 = Release|Win32
		{774A05DD-206C-41AB-AF6E-77AD9F470CC5}.Debug|x64.ActiveCfg = Debug|x64
		{774A05DD-206C-41AB-AF6E-77AD9F470CC5}.Debug|x64.Build.0 = Debug|x64
		{774A05DD-206C-41AB-AF6E-77AD9F470CC5}.Debug|x86.ActiveCfg = Debug|Win32
		{774A05DD-206C-41AB-AF6E-77AD9F470CC5}.Debug|x86.Build.0 = Debug|Win32
		{774A05DD-206C-41AB-AF6E-77AD9F470CC5}.Release|x64.ActiveCfg = Release|x64
		{774A05DD-206C-41AB-AF6E-77AD9F470CC5}.Release|x64.Build.0 = Release|x64
		{774A05DD-206C-41AB-AF6E-77AD9F470CC5}.Release|x86.ActiveCfg = Release|Win32
		{774A05DD-206C-41AB-AF6E-77AD9F470CC5}.Release|x86.Build.0 = Release|Win32
		{7A083337-6A51-4C58-9071-FAF20F005451}.Debug|x64.ActiveCfg = Debug|x64
		{7A083337-6A51-4C58-9071-FAF20F005451}.Debug|x64.Build.0 = Debug|x64
		{7A083337-6A51-4C58-9071-FAF20F005451}.Debug|x86.ActiveCfg = Debug|Win32
		{7A083337-6A51-4C58-9071-FAF20F005451}.Debug|x86.Build.0 = Debug|Win32
		{7A083337-6A51-4C58-9071-FAF20F005451}.Release|x64.ActiveCfg = Release|x64
		{7A083337-6A51-4C58-9071-FAF20F005451}.Release|x64.Build.0 = Release|x64
		{7A083337-6A51-4C58-9071-FAF20F005451}.Release|x86.ActiveCfg = Release|Win32
		{7A083337-6A51-4C58-9071-FAF20F005451}.Release|x86.Build.0 = Release|Win32
		{A450D4B3-D37F-4653-AFA0-C867D5929939}.Debug|x64.ActiveCfg = Debug|x64
		{A450D4B3-D37F-4653-AFA0-C867D5929939}.Debug|x64.Build.0 = Debug|x64
		{A450D4B3-D37F-4653-AFA0-C867D5929939}.Debug|x86.ActiveCfg = Debug|Win32
		{A450D4B3-D37F-4653-AFA0-C867D5929939}.Debug|x86.Build.0 = Debug|Win32
		{A450D4B3-D37F-4653-AFA0-C867D5929939}.Release|x64.ActiveCfg = Release|x64
		{A450D4B3-D37F-4653-AFA0-C867D5929939}.Release|x64.Build.0 = Release|x64
		{A450D4B3-D37F-4653-AFA0-C867D5929939}.Release|x86.ActiveCfg = Release|Win32
		{A450D4B3-D37F-4653-AFA0-C867D5929939}.Release|x86.Build.0 = Release|Win32
		{CDC649C1-2B72-46DC-8930-AF09BED2E4A4}.Debug|x64.ActiveCfg = Debug|x64
		{CDC649C1-2B72-46DC-8930-AF09BED2E4A4}.Debug|x64.Build.0 = Debug|x64
		{CDC649C1-2B72-46DC-8930-AF09BED2E4A4}.Debug|x86.ActiveCfg = Debug|Win32
		{CDC649C1-2B72-46DC-8930-AF09BED2E4A4}.Debug|x86.Build.0 = Debug|Win32
		{CDC649C1-2B72-46DC-8930-AF09BED2E4A4}.Release|x64.ActiveCfg = Release|x64
		{CDC649C1-2B72-46DC-8930-AF09BED2E4A4}.Release|x64.Build.0 = Release|x64
		{CDC649C1-2B72-46DC-8930-AF09BED2E4A4}.Release|x86.ActiveCfg = Release|Win32
		{CDC649C1-2B72-46DC-8930-AF09BED2E4A4}.Release|x86.Build.0 = Release|Win32
		{E2CCB6F2-86A8-4C8D-ACCD-08890D9CAB77}.Debug|x64.ActiveCfg = Debug|x64
		{E2CCB6F2-86A8-4C8D-ACCD-08890D9CAB77}.Debug|x64.Build.0 = Debug|x64
		{E2CCB6F2-86A8-4C8D-ACCD-08890D9CAB77}.Debug|x86.ActiveCfg = Debug|Win32
		{E2CCB6F2-86A8-4C8D-ACCD-08890D9CAB77}.Debug|x86.Build.0 = Debug|Win32
		{E2CCB6F2-86A8-4C8D-ACCD-08890D9CAB77}.Release|x64.ActiveCfg = Release|x64
		{E2CCB6F2-86A8-4C8D-ACCD-08890D9CAB77}.Release|x64.Build.0 = Release|x64
		{E2CCB6F2-86A8-4C8D-ACCD-08890D9CAB77}.Release|x86.ActiveCfg = Release|Win32
		{E2CCB6F2-86A8-4C8D-ACCD-08890D9CAB77}.Release|x86.Build.0 = Release|Win32
		{820B2256-7360-494D-B8A1-FD4C03B376FD}.Debug|x64.ActiveCfg = Debug|x64
		{820B2256-7360-494D-B8A1-FD4C03B376FD}.Debug|x64.Build.0 = Debug|x64
		{820B2256-7360-494D-B8A1-FD4C03B376FD}.Debug|x86.ActiveCfg = Debug|Win32
		{820B2256-7360-494D-B8A1-FD4C03B376FD}.Debug|x86.Build.0 = Debug|Win32
		{820B2256-7360-494D-B8A1-FD4C03B376FD}.Release|x64.ActiveCfg = Release|x64
		{820B2256-7360-494D-B8A1-FD4C03B376FD}.Release|x64.Build.0 = Release|x64
		{820B2256-7360-494D-B8A1-FD4C03B376FD}.Release|x86.ActiveCfg = Release|Win32
		{820B2256-7360-494D-B8A1-FD4C03B376FD}.Release|x86.Build.0 = Release|Win32
		{3DEF6AD2-D0AC-47BE-BEDA-91FCC2E41BDD}.Debug|x64.ActiveCfg = Debug|x64
		{3DEF6AD2-D0AC-47BE-BEDA-91FCC2E41BDD}.Debug|x64.Build.0 = Debug|x64
		{3DEF6AD2-D0AC-47BE-BEDA-91FCC2E41BDD}.Debug|x86.ActiveCfg = Debug|Win32
		{3DEF6AD2-D0AC-47BE-BEDA-91FCC2E41BDD}.Debug|x86.Build.0 = Debug|Win32
		{3DEF6AD2-D0AC-47BE-BEDA-91FCC2E41BDD}.Release|x64.ActiveCfg = Release|x64
		{3DEF6AD2-D0AC-47BE-BEDA-91FCC2E41BDD}.Release|x64.Build.0 = Release|x64
		{3DEF6AD2-D0AC-47BE-BEDA-91FCC2E41BDD}.Release|x86.ActiveCfg = Release|Win32
		{3DEF6AD2-D0AC-47BE-BEDA-91FCC2E41BDD}.Release|x86.Build.0 = Release|Win32
		{E1FBFC07-44FA-4542-8BF2-20B15DA5ACAA}.Debug|x64.ActiveCfg = Debug|x64
		{E1FBFC07-44FA-4542-8BF2-20B15DA5ACAA}.Debug|x64.Build.0 = Debug|x64
		{E1FBFC07-44FA-4542-8BF2-20B15DA5ACAA}.Debug|x86.ActiveCfg = Debug|Win32
		{E1FBFC07-44FA-4542-8BF2-20B15DA5ACAA}.Debug|x86.Build.0 = Debug|Win32
		{E1FBFC07-44FA-4542-8BF2-20B15DA5ACAA}.Release|x64.ActiveCfg = Release|x64
		{E1FBFC07-44FA-4542-8BF2-20B15DA5ACAA}.Release|x64.Build.0 = Release|x64
		{E1FBFC07-44FA-4542-8BF2-20B15DA5ACAA}.Release|x86.ActiveCfg = Release|Win32
		{E1FBFC07-44FA-4542-8BF2-20B15DA5ACAA}.Release|x86.Build.0 = Release|Win32
		{093B6253-93D2-42EA-AA82-9A1A03199618}.Debug|x64.ActiveCfg = Debug|x64
		{093B6253-93D2-42EA-AA82-9A1A03199618}.Debug|x64.Build.0 = Debug|x64
		{093B6253-93D2-42EA-AA82-9A1A03199618}.Debug|x86.ActiveCfg = Debug|Win32
		{093B6253-93D2-42EA-AA82-9A1A03199618}.Debug|x86.Build.0 = Debug|Win32
		{093B6253-93D2-42EA-AA82-9A1A03199618}.Release|x64.ActiveCfg = Release|x64
		{093B6253-93D2-42EA-AA82-9A1A03199618}.Release|x64.Build.0 = Release|x64
		{093B6253-93D2-42EA-AA82-9A1A03199618}.Release|x86.ActiveCfg = Release|Win32
		{093B6253-93D2-42EA-AA82-9A1A03199618}.Release|x86.Build.0 = Release|Win32
		{44DD0434-030E-4C70-9A31-FDB5B5B09780}.Debug|x64.ActiveCfg = Debug|x64
		{44DD0434-030E-4C70-9A31-FDB5B5B09780}.Debug|x64.Build.0 = Debug|x64
		{44DD0434-030E-4C70-9A31-FDB5B5B09780}.Debug|x86.ActiveCfg = Debug|Win32
		{44DD0434-030E-4C70-9A31-FDB5B5B09780}.Debug|x86.Build.0 = Debug|Win32
		{44DD0434-030E-4C70-9A31-FDB5B5B09780}.Release|x64.ActiveCfg = Release|x64
		{44DD0434-030E-4C70-9A31-FDB5B5B09780}.Release|x64.Build.0 = Release|x64
		{44DD0434-030E-4C70-9A31-FDB5B5B09780}.Release|x86.ActiveCfg = Release|Win32
		{44DD0434-030E-4C70-9A31-FDB5B5B09780}.Release|x86.Build.0 = Release|Win32
		{2A2DBC5C-101E-4F4A-BCBE-0B5B259590A3}.Debug|x64.ActiveCfg = Debug|x64
		{2A2DBC5C-101E-4F4A-BCBE-0B5B259590A3}.Debug|x64.Build.0 = Debug|x64
		{2A2DBC5C-101E-4F4A-BCBE-0B5B259590A3}.Debug|x86.ActiveCfg = Debug|Win32
		{2A2DBC5C-101E-4F4A-BCBE-0B5B259590A3}.Debug|x86.Build.0 = Debug|Win32
		{2A2DBC5C-101E-4F4A-BCBE-0B5B259590A3}.Release|x64.ActiveCfg = Release|x64
		{2A2DBC5C-101E-4F4A-BCBE-0B5B259590A3}.Release|x64.Build.0 = Release|x64
		{2A2DBC5C-101E-4F4A-BCBE-0B5B259590A3}.Release|x86.ActiveCfg = Release|Win32
		{2A2DBC5C-101E-4F4A-BCBE-0B5B259590A3}.Release|x86.Build.0 = Release|Win32
		{2223C244-A145-476D-8047-CE8C40FC7EDC}.Debug|x64.ActiveCfg = Debug|x64
		{2223C244-A145-476D-8047-CE8C40FC7EDC}.Debug|x64.Build.0 = Debug|x64
		{2223C244-A145-476D-8047-CE8C40FC7EDC}.Debug|x86.ActiveCfg = Debug|Win32
		{2223C244-A145-476D-8047-CE8C40FC7EDC}.Debug|x86.Build.0 = Debug|Win32
		{2223C244-A145-476D-8047-CE8C40FC7EDC}.Release|x64.ActiveCfg = Release|x64
		{2223C244-A145-476D-8047-CE8C40FC7EDC}.Release|x64.Build.0 = Release|x64
		{2223C244-A145-476D-8047-CE8C40FC7EDC}.Release|x86.ActiveCfg = Release|Win32
		{2223C244-A145-476D-8047-CE8C40FC7EDC}.Release|x86.Build.0 = Release|Win32
		{1084029F-7943-4423-B3F7-6A0AB878E7B1}.Debug|x64.ActiveCfg = Debug|x64
		{1084029F-7943-4423-B3F7-6A0AB878E7B1}.Debug|x64.Build.0 = Debug|x64
		{1084029F-7943-4423-B3F7-6A0AB878E7B1}.Debug|x86.ActiveCfg = Debug|Win32
		{1084029F-7943-4423-B3F7-6A0AB878E7B1}.Debug|x86.Build.0 = Debug|Win32
		{1084029F-7943-4423-B3F7-6A0AB878E7B1}.Release|x64.ActiveCfg = Release|x64
		{1084029F-7943-4423-B3F7-6A0AB878E7B1}.Release|x64.Build.0 = Release|x64
		{1084029F-7943-4423-B3F7-6A0AB878E7B1}.Release|x86.ActiveCfg = Release|Win32
		{1084029F-7943-4423-B3F7-6A0AB878E7B1}.Release|x86.Build.0 = Release|Win32
		{E6557EC6-5384-455C-A757-F95E0A9CE9C5}.Debug|x64.ActiveCfg = Debug|x64
		{E6557EC6-5384-455C-A757-F95E0A9CE9C5}.Debug|x64.Build.0 = Debug|x64
		{E6557EC6-5384-455C-A757-F95E0A9CE9C5}.Debug|x86.ActiveCfg = Debug|Win32
		{E6557EC6-5384-455C-A757-F95E0A9CE9C5}.Debug|x86.Build.0 = Debug|Win32
		{E6557EC6-5384-455C-A757-F95E0A9CE9C5}.Release|x64.ActiveCfg = Release|x64
		{E6557EC6-5384-455C-A757-F95E0A9CE9C5}.Release|x64.Build.0 = Release|x64
		{E6557EC6-5384-455C-A757-F95E0A9CE9C5}.Release|x86.ActiveCfg = Release|Win32
		{E6557EC6-5384-455C-A757-F95E0A9CE9C5}.Release|x86.Build.0 = Release|Win32
		{B9D7BA37-4E33-4F34-B5EC-CFE390EFEC2A}.Debug|x64.ActiveCfg = Debug|x64
		{B9D7BA37-4E33-4F34-B5EC-CFE390EFEC2A}.Debug|x64.Build.0 = Debug|x64
		{B9D7BA37-4E33-4F34-B5EC-CFE390EFEC2A}.Debug|x86.ActiveCfg = Debug|Win32
		{B9D7BA37-4E33-4F34-B5EC-CFE390EFEC2A}.Debug|x86.Build.0 = Debug|Win32
		{B9D7BA37-4E33-4F34-B5EC-CFE390EFEC2A}.Release|x64.ActiveCfg = Release|x64
		{B9D7BA37-4E33-4F34-B5EC-CFE390EFEC2A}.Release|x64.Build.0 = Release|x64
		{B9D7BA37-4E33-4F34-B5EC-CFE390EFEC2A}.Release|x86.ActiveCfg = Release|Win32
		{B9D7BA37-4E33-4F34-B5EC-CFE390EFEC2A}.Release|x86.Build.0 = Release|Win32
		{CD63C5FF-B6FE-45C2-9DF7-B9A5F7125DFF}.Debug|x64.ActiveCfg = Debug|x64
		{CD63C5FF-B6FE-45C2-9DF7-B9A5F7125DFF}.Debug|x64.Build.0 = Debug|x64
		{CD63C5FF-B6FE-45C2-9DF7-B9A5F7125DFF}.Debug|x86.ActiveCfg = Debug|Win32
		{CD63C5FF-B6FE-45C2-9DF7-B9A5F7125DFF}.Debug|x86.Build.0 = Debug|Win32
		{CD63C5FF-B6FE-45C2-9DF7-B9A5F7125DFF}.Release|x64.ActiveCfg = Release|x64
		{CD63C5FF-B6FE-45C2-9DF7-B9A5F7125DFF}.Release|x64.Build.0 = Release|x64
		{CD63C5FF-B6FE-45C2-9DF7-B9A5F7125DFF}.Release|x86.ActiveCfg = Release|Win32
		{CD63C5FF-B6FE-45C2-9DF7-B9A5F7125DFF}.Release|x86.Build.0 = Release|Win32
		{56B78BBB-9B12-41CB-8554-AC65FE3DA7D8}.Debug|x64.ActiveCfg = Debug|x64
		{56B78BBB-9B12-41CB-8554-AC65FE3DA7D8}.Debug|x64.Build.0 = Debug|x64
		{56B78BBB-9B12-41CB-8554-AC65FE3DA7D8}.Debug|x86.ActiveCfg = Debug|Win32
		{56B78BBB-9B12-41CB-8554-AC65FE3DA7D8}.Debug|x86.Build.0 = Debug|Win32
		{56B78BBB-9B12-41CB-8554-AC65FE3DA7D8}.Release|x64.ActiveCfg = Release|x64
		{56B78BBB-9B12-41CB-8554-AC65FE3DA7D8}.Release|x64.Build.0 = Release|x64
		{56B78BBB-9B12-41CB-8554-AC65FE3DA7D8}.Release|x86.ActiveCfg = Release|Win32
		{56B78BBB-9B12-41CB-8554-AC65FE3DA7D8}.Release|x86.Build.0 = Release|Win32
		{0A340B53-C0C9-40F3-BFB5-1FCAC2B5B6CC}.Debug|x64.ActiveCfg = Debug|x64
		{0A340B53-C0C9-40F3-BFB5-1FCAC2B5B6CC}.Debug|x64.Build.0 = Debug|x64
		{0A340B53-C0C9-40F3-BFB5-1FCAC2B5B6CC}.Debug|x86.ActiveCfg = Debug|Win32
		{0A340B53-C0C9-40F3-BFB5-1FCAC2B5B6CC}.Debug|x86.Build.0 = Debug|Win32
		{0A340B53-C0C9-40F3-BFB5-1FCAC2B5B6CC}.Release|x64.ActiveCfg = Release|x64
		{0A340B53-C0C9-40F3-BFB5-1FCAC2B5B6CC}.Release|x64.Build.0 = Release|x64
		{0A340B53-C0C9-40F3-BFB5-1FCAC2B5B6CC}.Release|x86.ActiveCfg = Release|Win32
		{0A340B53-C0C9-40F3-BFB5-1FCAC2B5B6CC}.Release|x86.Build.0 = Release|Win32
		{2F6008A5-18A7-4BB8-A8BA-3141A2CF8E90}.Debug|x64.ActiveCfg = Debug|x64
		{2F6008A5-18A7-4BB8-A8BA-3141A2CF8E90}.Debug|x64.Build.0 = Debug|x64
		{2F6008A5-18A7-4BB8-A8BA-3141A2CF8E90}.Debug|x86.ActiveCfg = Debug|Win32
		{2F6008A5-18A7-4BB8-A8BA-3141A2CF8E90}.Debug|x86.Build.0 = Debug|Win32
		{2F6008A5-18A7-4BB8-A8BA-3141A2CF8E90}.Release|x64.ActiveCfg = Release|x64
		{2F6008A5-18A7-4BB8-A8BA-3141A2CF8E90}.Release|x64.Build.0 = Release|x64
		{2F6008A5-18A7-4BB8-A8BA-3141A2CF8E90}.Release|x86.ActiveCfg = Release|Win32
		{2F6008A5-18A7-4BB8-A8BA-3141A2CF8E90}.Release|x86.Build.0 = Release|Win32
		{966E9026-01F4-4B23-8FAC-587E8FF88B41}.Debug|x64.ActiveCfg = Debug|x64
		{966E9026-01F4-4B23-8FAC-587E8FF88B41}.Debug|x64.Build.0 = Debug|x64
		{966E9026-01F4-4B23-8FAC-587E8FF88B41}.Debug|x86.ActiveCfg = Debug|Win32
		{966E9026-01F4-4B23-8FAC-587E8FF88B41}.Debug|x86.Build.0 = Debug|Win32
		{966E9026-01F4-4B23-8FAC-587E8FF88B41}.Release|x64.ActiveCfg = Release|x64
		{966E9026-01F4-4B23-8FAC-587E8FF88B41}.Release|x64.Build.0 = Release|x64
		{966E9026-01F4-4B23-8FAC-587E8FF88B41}.Release|x86.ActiveCfg = Release|Win32
		{966E9026-01F4-4B23-8FAC-587E8FF88B41}.Release|x86.Build.0 = Release|Win32
		{44DE989C-90E6-49C8-8C00-7E68DA0C05C8}.Debug|x64.ActiveCfg = Debug|x64
		{44DE989C-90E6-49C8-8C00-7E68DA0C05C8}.Debug|x64.Build.0 = Debug|x64
		{44DE989C-90E6-49C8-8C00-7E68DA0C05C8}.Debug|x86.ActiveCfg = Debug|Win32
		{44DE989C-90E6-49C8-8C00-7E68DA0C05C8}.Debug|x86.Build.0 = Debug|Win32
		{44DE989C-90E6-49C8-8C00-7E68DA0C05C8}.Release|x64.ActiveCfg = Release|x64
		{44DE989C-90E6-49C8-8C00-7E68DA0C05C8}.Release|x64.Build.0 = Release|x64
		{44DE989C-90E6-49C8-8C00-7E68DA0C05C8}.Release|x86.ActiveCfg = Release|Win32
		{44DE989C-90E6-49C8-8C00-7E68DA0C05C8}.Release|x86.Build.0 = Release|Win32
		{C3B455F8-1F14-4BB4-903C-8D4DB6B53E3F}.Debug|x64.ActiveCfg = Debug|x64
		{C3B455F8-1F14-4BB4-903C-8D4DB6B53E3F}.Debug|x64.Build.0 = Debug|x64
		{C3B455F8-1F14-4BB4-903C-8D4DB6B53E3F}.Debug|x86.ActiveCfg = Debug|Win32
		{C3B455F8-1F14-4BB4-903C-8D4DB6B53E3F}.Debug|x86.Build.0 = Debug|Win32
		{C3B455F8-1F14-4BB4-903C-8D4DB6B53E3F}.Release|x64.ActiveCfg = Release|x64
		{C3B455F8-1F14-4BB4-903C-8D4DB6B53E3F}.Release|x64.Build.0 = Release|x64
		{C3B455F8-1F14-4BB4-903C-8D4DB6B53E3F}.Release|x86.ActiveCfg = Release|Win32
		{C3B455F8-1F14-4BB4-903C-8D4DB6B53E3F}.Release|x86.Build.0 = Release|Win32
		{88BA580F-68BF-4F08-9AE0-D1C30E107E75}.Debug|x64.ActiveCfg = Debug|x64
		{88BA580F-68BF-4F08-9AE0-D1C30E107E75}.Debug|x64.Build.0 = Debug|x64
		{88BA580F-68BF-4F08-9AE0-D1C30E107E75}.Debug|x86.ActiveCfg = Debug|Win32
		{88BA580F-68BF-4F08-9AE0-D1C30E107E75}.Debug|x86.Build.0 = Debug|Win32
		{88BA580F-68BF-4F08-9AE0-D1C30E107E75}.Release|x64.ActiveCfg = Release|x64
		{88BA580F-68BF-4F08-9AE0-D1C30E107E75}.Release|x64.Build.0 = Release|x64
		{88BA580F-68BF-4F08-9AE0-D1C30E107E75}.Release|x86.ActiveCfg = Release|Win32
		{88BA580F-68BF-4F08-9AE0-D1C30E107E75}.Release|x86.Build.0 = Release|Win32
		{6591F0C3-C349-4411-AA8F-E0F8D8191532}.Debug|x64.ActiveCfg = Debug|x64
		{6591F0C3-C349-4411-AA8F-E0F8D8191532}.Debug|x64.Build.0 = Debug|x64
		{6591F0C3-C349-4411-AA8F-E0F8D8191532}.Debug|x86.ActiveCfg = Debug|Win32
		{6591F0C3-C349-4411-AA8F-E0F8D8191532}.Debug|x86.Build.0 = Debug|Win32
		{6591F0C3-C349-4411-AA8F-E0F8D8191532}.Release|x64.ActiveCfg = Release|x64
		{6591F0C3-C349-4411-AA8F-E0F8D8191532}.Release|x64.Build.0 = Release|x64
		{6591F0C3-C349-4411-AA8F-E0F8D8191532}.Release|x86.ActiveCfg = Release|Win32
		{6591F0C3-C349-4411-AA8F-E0F8D8191532}.Release|x86.Build.0 = Release|Win32
		{E2CC2FED-0D28-46F2-9AF9-FEDDB7AD78A4}.Debug|x64.ActiveCfg = Debug|x64
		{E2CC2FED-0D28-46F2-9AF9-FEDDB7AD78A4}.Debug|x64.Build.0 = Debug|x64
		{E2CC2FED-0D28-46F2-9AF9-FEDDB7AD78A4}.Debug|x86.ActiveCfg = Debug|Win32
		{E2CC2FED-0D28-46F2-9AF9-FEDDB7AD78A4}.Debug|x86.Build.0 = Debug|Win32
		{E2CC2FED-0D28-46F2-9AF9-FEDDB7AD78A4}.Release|x64.ActiveCfg = Release|x64
		{E2CC2FED-0D28-46F2-9AF9-FEDDB7AD78A4}.Release|x64.Build.0 = Release|x64
		{E2CC2FED-0D28-46F2-9AF9-FEDDB7AD78A4}.Release|x86.ActiveCfg = Release|Win32
		{E2CC2FED-0D28-46F2-9AF9-FEDDB7AD78A4}.Release|x86.Build.0 = Release|Win32
		{27A3D270-DAB6-4520-80A2-6CEC2DE88AFB}.Debug|x64.ActiveCfg = Debug|x64
		{27A3D270-DAB6-4520-80A2-6CEC2DE88AFB}.Debug|x64.Build.0 = Debug|x64
		{27A3D270-DAB6-4520-80A2-6CEC2DE88AFB}.Debug|x86.ActiveCfg = Debug|Win32
		{27A3D270-DAB6-4520-80A2-6CEC2DE88AFB}.Debug|x86.Build.0 = Debug|Win32
		{27A3D270-DAB6-4520-80A2-6CEC2DE88AFB}.Release|x64.ActiveCfg = Release|x64
		{27A3D270-DAB6-4520-80A2-6CEC2DE88AFB}.Release|x64.Build.0 = Release|x64
		{27A3D270-DAB6-4520-80A2-6CEC2DE88AFB}.Release|x86.ActiveCfg = Release|Win32
		{27A3D270-DAB6-4520-80A2-6CEC2DE88AFB}.Release|x86.Build.0 = Release|Win32
		{60496717-1ACD-45C8-8029-737FB7BE04C6}.Debug|x64.ActiveCfg = Debug|x64
		{60496717-1ACD-45C8-8029-737FB7BE04C6}.Debug|x64.Build.0 = Debug|x64
		{60496717-1ACD-45C8-8029-737FB7BE04C6}.Debug|x86.ActiveCfg = Debug|Win32
		{60496717-1ACD-45C8-8029-737FB7BE04C6}.Debug|x86.Build.0 = Debug|Win32
		{60496717-1ACD-45C8-8029-737FB7BE04C6}.Release|x64.ActiveCfg = Release|x64
		{60496717-1ACD-45C8-8029-737FB7BE04C6}.Release|x64.Build.0 = Release|x64
		{60496717-1ACD-45C8-8029-737FB7BE04C6}.Release|x86.ActiveCfg = Release|Win32
		{60496717-1ACD-45C8-8029-737FB7BE04C6}.Release|x86.Build.0 = Release|Win32
	EndGlobalSection
	GlobalSection(SolutionProperties) = preSolution
		HideSolutionNode = FALSE
	EndGlobalSection
	GlobalSection(ExtensibilityGlobals) = postSolution
		SolutionGuid = {F6068028-7548-400E-BC12-5FEA5C049E25}
	EndGlobalSection
EndGlobal
