
Microsoft Visual Studio Solution File, Format Version 12.00
# Visual Studio 15
VisualStudioVersion = 15.0.27428.2027
MinimumVisualStudioVersion = 10.0.40219.1
Project("{8BC9CEB8-8B4A-11D0-8D11-00A0C91BC942}") = "load-display-save", "load-display-save\load-display-save.vcxproj", "{977AD88E-3FED-404C-90C4-A50D4C08ACFA}"
EndProject
Project("{8BC9CEB8-8B4A-11D0-8D11-00A0C91BC942}") = "manipulate-pixels", "manipulate-pixels\manipulate-pixels.vcxproj", "{EE6C72C8-BA25-4905-A4D6-C80E73878858}"
EndProject
Project("{8BC9CEB8-8B4A-11D0-8D11-00A0C91BC942}") = "draw", "draw\draw.vcxproj", "{E789E18F-725C-4982-8BD9-8003A3CDBE77}"
EndProject
Project("{8BC9CEB8-8B4A-11D0-8D11-00A0C91BC942}") = "improcess-translate", "improcess-translate\improcess-translate.vcxproj", "{BC954CFB-BD64-4AAA-9C44-9A8F713B3288}"
EndProject
Project("{8BC9CEB8-8B4A-11D0-8D11-00A0C91BC942}") = "improcess-rotate", "improcess-rotate\improcess-rotate.vcxproj", "{51FCCE3A-079A-479F-ADCA-E4A026B67FC8}"
EndProject
Project("{8BC9CEB8-8B4A-11D0-8D11-00A0C91BC942}") = "improcess-resize", "improcess-resize\improcess-resize.vcxproj", "{B34DA466-DE32-48DB-B8E1-613344A52139}"
EndProject
Project("{8BC9CEB8-8B4A-11D0-8D11-00A0C91BC942}") = "improcess-flip", "improcess-flip\improcess-flip.vcxproj", "{774A05DD-206C-41AB-AF6E-77AD9F470CC5}"
EndProject
Project("{8BC9CEB8-8B4A-11D0-8D11-00A0C91BC942}") = "improcess-crop", "improcess-crop\improcess-crop.vcxproj", "{7A083337-6A51-4C58-9071-FAF20F005451}"
EndProject
Project("{8BC9CEB8-8B4A-11D0-8D11-00A0C91BC942}") = "improcess-arithmetic", "improcess-arithmetic\improcess-arithmetic.vcxproj", "{A450D4B3-D37F-4653-AFA0-C867D5929939}"
EndProject
Project("{8BC9CEB8-8B4A-11D0-8D11-00A0C91BC942}") = "improcess-bitwise", "improcess-bitwise\improcess-bitwise.vcxproj", "{CDC649C1-2B72-46DC-8930-AF09BED2E4A4}"
EndProject
Global
	GlobalSection(SolutionConfigurationPlatforms) = preSolution
		Debug|x64 = Debug|x64
		Debug|x86 = Debug|x86
		Release|x64 = Release|x64
		Release|x86 = Release|x86
	EndGlobalSection
	GlobalSection(ProjectConfigurationPlatforms) = postSolution
		{977AD88E-3FED-404C-90C4-A50D4C08ACFA}.Debug|x64.ActiveCfg = Debug|x64
		{977AD88E-3FED-404C-90C4-A50D4C08ACFA}.Debug|x64.Build.0 = Debug|x64
		{977AD88E-3FED-404C-90C4-A50D4C08ACFA}.Debug|x86.ActiveCfg = Debug|Win32
		{977AD88E-3FED-404C-90C4-A50D4C08ACFA}.Debug|x86.Build.0 = Debug|Win32
		{977AD88E-3FED-404C-90C4-A50D4C08ACFA}.Release|x64.ActiveCfg = Release|x64
		{977AD88E-3FED-404C-90C4-A50D4C08ACFA}.Release|x64.Build.0 = Release|x64
		{977AD88E-3FED-404C-90C4-A50D4C08ACFA}.Release|x86.ActiveCfg = Release|Win32
		{977AD88E-3FED-404C-90C4-A50D4C08ACFA}.Release|x86.Build.0 = Release|Win32
		{EE6C72C8-BA25-4905-A4D6-C80E73878858}.Debug|x64.ActiveCfg = Debug|x64
		{EE6C72C8-BA25-4905-A4D6-C80E73878858}.Debug|x64.Build.0 = Debug|x64
		{EE6C72C8-BA25-4905-A4D6-C80E73878858}.Debug|x86.ActiveCfg = Debug|Win32
		{EE6C72C8-BA25-4905-A4D6-C80E73878858}.Debug|x86.Build.0 = Debug|Win32
		{EE6C72C8-BA25-4905-A4D6-C80E73878858}.Release|x64.ActiveCfg = Release|x64
		{EE6C72C8-BA25-4905-A4D6-C80E73878858}.Release|x64.Build.0 = Release|x64
		{EE6C72C8-BA25-4905-A4D6-C80E73878858}.Release|x86.ActiveCfg = Release|Win32
		{EE6C72C8-BA25-4905-A4D6-C80E73878858}.Release|x86.Build.0 = Release|Win32
		{E789E18F-725C-4982-8BD9-8003A3CDBE77}.Debug|x64.ActiveCfg = Debug|x64
		{E789E18F-725C-4982-8BD9-8003A3CDBE77}.Debug|x64.Build.0 = Debug|x64
		{E789E18F-725C-4982-8BD9-8003A3CDBE77}.Debug|x86.ActiveCfg = Debug|Win32
		{E789E18F-725C-4982-8BD9-8003A3CDBE77}.Debug|x86.Build.0 = Debug|Win32
		{E789E18F-725C-4982-8BD9-8003A3CDBE77}.Release|x64.ActiveCfg = Release|x64
		{E789E18F-725C-4982-8BD9-8003A3CDBE77}.Release|x64.Build.0 = Release|x64
		{E789E18F-725C-4982-8BD9-8003A3CDBE77}.Release|x86.ActiveCfg = Release|Win32
		{E789E18F-725C-4982-8BD9-8003A3CDBE77}.Release|x86.Build.0 = Release|Win32
		{BC954CFB-BD64-4AAA-9C44-9A8F713B3288}.Debug|x64.ActiveCfg = Debug|x64
		{BC954CFB-BD64-4AAA-9C44-9A8F713B3288}.Debug|x64.Build.0 = Debug|x64
		{BC954CFB-BD64-4AAA-9C44-9A8F713B3288}.Debug|x86.ActiveCfg = Debug|Win32
		{BC954CFB-BD64-4AAA-9C44-9A8F713B3288}.Debug|x86.Build.0 = Debug|Win32
		{BC954CFB-BD64-4AAA-9C44-9A8F713B3288}.Release|x64.ActiveCfg = Release|x64
		{BC954CFB-BD64-4AAA-9C44-9A8F713B3288}.Release|x64.Build.0 = Release|x64
		{BC954CFB-BD64-4AAA-9C44-9A8F713B3288}.Release|x86.ActiveCfg = Release|Win32
		{BC954CFB-BD64-4AAA-9C44-9A8F713B3288}.Release|x86.Build.0 = Release|Win32
		{51FCCE3A-079A-479F-ADCA-E4A026B67FC8}.Debug|x64.ActiveCfg = Debug|x64
		{51FCCE3A-079A-479F-ADCA-E4A026B67FC8}.Debug|x64.Build.0 = Debug|x64
		{51FCCE3A-079A-479F-ADCA-E4A026B67FC8}.Debug|x86.ActiveCfg = Debug|Win32
		{51FCCE3A-079A-479F-ADCA-E4A026B67FC8}.Debug|x86.Build.0 = Debug|Win32
		{51FCCE3A-079A-479F-ADCA-E4A026B67FC8}.Release|x64.ActiveCfg = Release|x64
		{51FCCE3A-079A-479F-ADCA-E4A026B67FC8}.Release|x64.Build.0 = Release|x64
		{51FCCE3A-079A-479F-ADCA-E4A026B67FC8}.Release|x86.ActiveCfg = Release|Win32
		{51FCCE3A-079A-479F-ADCA-E4A026B67FC8}.Release|x86.Build.0 = Release|Win32
		{B34DA466-DE32-48DB-B8E1-613344A52139}.Debug|x64.ActiveCfg = Debug|x64
		{B34DA466-DE32-48DB-B8E1-613344A52139}.Debug|x64.Build.0 = Debug|x64
		{B34DA466-DE32-48DB-B8E1-613344A52139}.Debug|x86.ActiveCfg = Debug|Win32
		{B34DA466-DE32-48DB-B8E1-613344A52139}.Debug|x86.Build.0 = Debug|Win32
		{B34DA466-DE32-48DB-B8E1-613344A52139}.Release|x64.ActiveCfg = Release|x64
		{B34DA466-DE32-48DB-B8E1-613344A52139}.Release|x64.Build.0 = Release|x64
		{B34DA466-DE32-48DB-B8E1-613344A52139}.Release|x86.ActiveCfg = Release|Win32
		{B34DA466-DE32-48DB-B8E1-613344A52139}.Release|x86.Build.0 = Release|Win32
		{774A05DD-206C-41AB-AF6E-77AD9F470CC5}.Debug|x64.ActiveCfg = Debug|x64
		{774A05DD-206C-41AB-AF6E-77AD9F470CC5}.Debug|x64.Build.0 = Debug|x64
		{774A05DD-206C-41AB-AF6E-77AD9F470CC5}.Debug|x86.ActiveCfg = Debug|Win32
		{774A05DD-206C-41AB-AF6E-77AD9F470CC5}.Debug|x86.Build.0 = Debug|Win32
		{774A05DD-206C-41AB-AF6E-77AD9F470CC5}.Release|x64.ActiveCfg = Release|x64
		{774A05DD-206C-41AB-AF6E-77AD9F470CC5}.Release|x64.Build.0 = Release|x64
		{774A05DD-206C-41AB-AF6E-77AD9F470CC5}.Release|x86.ActiveCfg = Release|Win32
		{774A05DD-206C-41AB-AF6E-77AD9F470CC5}.Release|x86.Build.0 = Release|Win32
		{7A083337-6A51-4C58-9071-FAF20F005451}.Debug|x64.ActiveCfg = Debug|x64
		{7A083337-6A51-4C58-9071-FAF20F005451}.Debug|x64.Build.0 = Debug|x64
		{7A083337-6A51-4C58-9071-FAF20F005451}.Debug|x86.ActiveCfg = Debug|Win32
		{7A083337-6A51-4C58-9071-FAF20F005451}.Debug|x86.Build.0 = Debug|Win32
		{7A083337-6A51-4C58-9071-FAF20F005451}.Release|x64.ActiveCfg = Release|x64
		{7A083337-6A51-4C58-9071-FAF20F005451}.Release|x64.Build.0 = Release|x64
		{7A083337-6A51-4C58-9071-FAF20F005451}.Release|x86.ActiveCfg = Release|Win32
		{7A083337-6A51-4C58-9071-FAF20F005451}.Release|x86.Build.0 = Release|Win32
		{A450D4B3-D37F-4653-AFA0-C867D5929939}.Debug|x64.ActiveCfg = Debug|x64
		{A450D4B3-D37F-4653-AFA0-C867D5929939}.Debug|x64.Build.0 = Debug|x64
		{A450D4B3-D37F-4653-AFA0-C867D5929939}.Debug|x86.ActiveCfg = Debug|Win32
		{A450D4B3-D37F-4653-AFA0-C867D5929939}.Debug|x86.Build.0 = Debug|Win32
		{A450D4B3-D37F-4653-AFA0-C867D5929939}.Release|x64.ActiveCfg = Release|x64
		{A450D4B3-D37F-4653-AFA0-C867D5929939}.Release|x64.Build.0 = Release|x64
		{A450D4B3-D37F-4653-AFA0-C867D5929939}.Release|x86.ActiveCfg = Release|Win32
		{A450D4B3-D37F-4653-AFA0-C867D5929939}.Release|x86.Build.0 = Release|Win32
		{CDC649C1-2B72-46DC-8930-AF09BED2E4A4}.Debug|x64.ActiveCfg = Debug|x64
		{CDC649C1-2B72-46DC-8930-AF09BED2E4A4}.Debug|x64.Build.0 = Debug|x64
		{CDC649C1-2B72-46DC-8930-AF09BED2E4A4}.Debug|x86.ActiveCfg = Debug|Win32
		{CDC649C1-2B72-46DC-8930-AF09BED2E4A4}.Debug|x86.Build.0 = Debug|Win32
		{CDC649C1-2B72-46DC-8930-AF09BED2E4A4}.Release|x64.ActiveCfg = Release|x64
		{CDC649C1-2B72-46DC-8930-AF09BED2E4A4}.Release|x64.Build.0 = Release|x64
		{CDC649C1-2B72-46DC-8930-AF09BED2E4A4}.Release|x86.ActiveCfg = Release|Win32
		{CDC649C1-2B72-46DC-8930-AF09BED2E4A4}.Release|x86.Build.0 = Release|Win32
	EndGlobalSection
	GlobalSection(SolutionProperties) = preSolution
		HideSolutionNode = FALSE
	EndGlobalSection
	GlobalSection(ExtensibilityGlobals) = postSolution
		SolutionGuid = {F6068028-7548-400E-BC12-5FEA5C049E25}
	EndGlobalSection
EndGlobal
